// !$*UTF8*$!
{
	archiveVersion = 1;
	classes = {
	};
	objectVersion = 46;
	objects = {

/* Begin PBXBuildFile section */
		243794CF1F132B5600248E7C /* main.m in Sources */ = {isa = PBXBuildFile; fileRef = 243794CE1F132B5600248E7C /* main.m */; };
		243794D21F132B5600248E7C /* AppDelegate.m in Sources */ = {isa = PBXBuildFile; fileRef = 243794D11F132B5600248E7C /* AppDelegate.m */; };
		243794D41F132B5600248E7C /* Assets.xcassets in Resources */ = {isa = PBXBuildFile; fileRef = 243794D31F132B5600248E7C /* Assets.xcassets */; };
		243794D71F132B5600248E7C /* LaunchScreen.storyboard in Resources */ = {isa = PBXBuildFile; fileRef = 243794D51F132B5600248E7C /* LaunchScreen.storyboard */; };
		243794E01F132CB000248E7C /* XCFItemsViewController.m in Sources */ = {isa = PBXBuildFile; fileRef = 243794DF1F132CB000248E7C /* XCFItemsViewController.m */; };
		248FF6CA1F146DCE004AA7F5 /* XCFOneTableViewCell.m in Sources */ = {isa = PBXBuildFile; fileRef = 248FF6C91F146DCE004AA7F5 /* XCFOneTableViewCell.m */; };
		248FF6EB1F146E1C004AA7F5 /* Info.plist in Resources */ = {isa = PBXBuildFile; fileRef = 248FF6D11F146E1C004AA7F5 /* Info.plist */; };
		248FF6EC1F146E1C004AA7F5 /* MASCompositeConstraint.m in Sources */ = {isa = PBXBuildFile; fileRef = 248FF6D31F146E1C004AA7F5 /* MASCompositeConstraint.m */; };
		248FF6ED1F146E1C004AA7F5 /* MASConstraint.m in Sources */ = {isa = PBXBuildFile; fileRef = 248FF6D61F146E1C004AA7F5 /* MASConstraint.m */; };
		248FF6EE1F146E1C004AA7F5 /* MASConstraintMaker.m in Sources */ = {isa = PBXBuildFile; fileRef = 248FF6D81F146E1C004AA7F5 /* MASConstraintMaker.m */; };
		248FF6EF1F146E1C004AA7F5 /* MASLayoutConstraint.m in Sources */ = {isa = PBXBuildFile; fileRef = 248FF6DA1F146E1C004AA7F5 /* MASLayoutConstraint.m */; };
		248FF6F01F146E1C004AA7F5 /* MASViewAttribute.m in Sources */ = {isa = PBXBuildFile; fileRef = 248FF6DE1F146E1C004AA7F5 /* MASViewAttribute.m */; };
		248FF6F11F146E1C004AA7F5 /* MASViewConstraint.m in Sources */ = {isa = PBXBuildFile; fileRef = 248FF6E01F146E1C004AA7F5 /* MASViewConstraint.m */; };
		248FF6F21F146E1C004AA7F5 /* NSArray+MASAdditions.m in Sources */ = {isa = PBXBuildFile; fileRef = 248FF6E21F146E1C004AA7F5 /* NSArray+MASAdditions.m */; };
		248FF6F31F146E1C004AA7F5 /* NSLayoutConstraint+MASDebugAdditions.m in Sources */ = {isa = PBXBuildFile; fileRef = 248FF6E51F146E1C004AA7F5 /* NSLayoutConstraint+MASDebugAdditions.m */; };
		248FF6F41F146E1C004AA7F5 /* View+MASAdditions.m in Sources */ = {isa = PBXBuildFile; fileRef = 248FF6E71F146E1C004AA7F5 /* View+MASAdditions.m */; };
		248FF6F51F146E1C004AA7F5 /* ViewController+MASAdditions.m in Sources */ = {isa = PBXBuildFile; fileRef = 248FF6EA1F146E1C004AA7F5 /* ViewController+MASAdditions.m */; };
		248FF6F91F14732C004AA7F5 /* WeiBoBuilder.m in Sources */ = {isa = PBXBuildFile; fileRef = 248FF6F81F14732C004AA7F5 /* WeiBoBuilder.m */; };
		248FF6FC1F147395004AA7F5 /* WeiBoItem.m in Sources */ = {isa = PBXBuildFile; fileRef = 248FF6FB1F147395004AA7F5 /* WeiBoItem.m */; };
		248FF7091F14DB45004AA7F5 /* XCFTwoTableViewCell.m in Sources */ = {isa = PBXBuildFile; fileRef = 248FF7081F14DB45004AA7F5 /* XCFTwoTableViewCell.m */; };
		24B64FE31F17621F00682ADE /* XCFDetailController.m in Sources */ = {isa = PBXBuildFile; fileRef = 24B64FE21F17621F00682ADE /* XCFDetailController.m */; };
		24B64FE71F17625700682ADE /* XCFDetailView.xib in Resources */ = {isa = PBXBuildFile; fileRef = 24B64FE61F17625700682ADE /* XCFDetailView.xib */; };
/* End PBXBuildFile section */

/* Begin PBXFileReference section */
		243794CA1F132B5600248E7C /* HomePwner.app */ = {isa = PBXFileReference; explicitFileType = wrapper.application; includeInIndex = 0; path = HomePwner.app; sourceTree = BUILT_PRODUCTS_DIR; };
		243794CE1F132B5600248E7C /* main.m */ = {isa = PBXFileReference; lastKnownFileType = sourcecode.c.objc; path = main.m; sourceTree = "<group>"; };
		243794D01F132B5600248E7C /* AppDelegate.h */ = {isa = PBXFileReference; lastKnownFileType = sourcecode.c.h; path = AppDelegate.h; sourceTree = "<group>"; };
		243794D11F132B5600248E7C /* AppDelegate.m */ = {isa = PBXFileReference; lastKnownFileType = sourcecode.c.objc; path = AppDelegate.m; sourceTree = "<group>"; };
		243794D31F132B5600248E7C /* Assets.xcassets */ = {isa = PBXFileReference; lastKnownFileType = folder.assetcatalog; path = Assets.xcassets; sourceTree = "<group>"; };
		243794D61F132B5600248E7C /* Base */ = {isa = PBXFileReference; lastKnownFileType = file.storyboard; name = Base; path = Base.lproj/LaunchScreen.storyboard; sourceTree = "<group>"; };
		243794D81F132B5600248E7C /* Info.plist */ = {isa = PBXFileReference; lastKnownFileType = text.plist.xml; path = Info.plist; sourceTree = "<group>"; };
		243794DE1F132CB000248E7C /* XCFItemsViewController.h */ = {isa = PBXFileReference; fileEncoding = 4; lastKnownFileType = sourcecode.c.h; path = XCFItemsViewController.h; sourceTree = "<group>"; };
		243794DF1F132CB000248E7C /* XCFItemsViewController.m */ = {isa = PBXFileReference; fileEncoding = 4; lastKnownFileType = sourcecode.c.objc; path = XCFItemsViewController.m; sourceTree = "<group>"; };
		248FF6C81F146DCE004AA7F5 /* XCFOneTableViewCell.h */ = {isa = PBXFileReference; fileEncoding = 4; lastKnownFileType = sourcecode.c.h; path = XCFOneTableViewCell.h; sourceTree = "<group>"; };
		248FF6C91F146DCE004AA7F5 /* XCFOneTableViewCell.m */ = {isa = PBXFileReference; fileEncoding = 4; lastKnownFileType = sourcecode.c.objc; path = XCFOneTableViewCell.m; sourceTree = "<group>"; };
		248FF6D11F146E1C004AA7F5 /* Info.plist */ = {isa = PBXFileReference; fileEncoding = 4; lastKnownFileType = text.plist.xml; path = Info.plist; sourceTree = "<group>"; };
		248FF6D21F146E1C004AA7F5 /* MASCompositeConstraint.h */ = {isa = PBXFileReference; fileEncoding = 4; lastKnownFileType = sourcecode.c.h; path = MASCompositeConstraint.h; sourceTree = "<group>"; };
		248FF6D31F146E1C004AA7F5 /* MASCompositeConstraint.m */ = {isa = PBXFileReference; fileEncoding = 4; lastKnownFileType = sourcecode.c.objc; path = MASCompositeConstraint.m; sourceTree = "<group>"; };
		248FF6D41F146E1C004AA7F5 /* MASConstraint+Private.h */ = {isa = PBXFileReference; fileEncoding = 4; lastKnownFileType = sourcecode.c.h; path = "MASConstraint+Private.h"; sourceTree = "<group>"; };
		248FF6D51F146E1C004AA7F5 /* MASConstraint.h */ = {isa = PBXFileReference; fileEncoding = 4; lastKnownFileType = sourcecode.c.h; path = MASConstraint.h; sourceTree = "<group>"; };
		248FF6D61F146E1C004AA7F5 /* MASConstraint.m */ = {isa = PBXFileReference; fileEncoding = 4; lastKnownFileType = sourcecode.c.objc; path = MASConstraint.m; sourceTree = "<group>"; };
		248FF6D71F146E1C004AA7F5 /* MASConstraintMaker.h */ = {isa = PBXFileReference; fileEncoding = 4; lastKnownFileType = sourcecode.c.h; path = MASConstraintMaker.h; sourceTree = "<group>"; };
		248FF6D81F146E1C004AA7F5 /* MASConstraintMaker.m */ = {isa = PBXFileReference; fileEncoding = 4; lastKnownFileType = sourcecode.c.objc; path = MASConstraintMaker.m; sourceTree = "<group>"; };
		248FF6D91F146E1C004AA7F5 /* MASLayoutConstraint.h */ = {isa = PBXFileReference; fileEncoding = 4; lastKnownFileType = sourcecode.c.h; path = MASLayoutConstraint.h; sourceTree = "<group>"; };
		248FF6DA1F146E1C004AA7F5 /* MASLayoutConstraint.m */ = {isa = PBXFileReference; fileEncoding = 4; lastKnownFileType = sourcecode.c.objc; path = MASLayoutConstraint.m; sourceTree = "<group>"; };
		248FF6DB1F146E1C004AA7F5 /* Masonry.h */ = {isa = PBXFileReference; fileEncoding = 4; lastKnownFileType = sourcecode.c.h; path = Masonry.h; sourceTree = "<group>"; };
		248FF6DC1F146E1C004AA7F5 /* MASUtilities.h */ = {isa = PBXFileReference; fileEncoding = 4; lastKnownFileType = sourcecode.c.h; path = MASUtilities.h; sourceTree = "<group>"; };
		248FF6DD1F146E1C004AA7F5 /* MASViewAttribute.h */ = {isa = PBXFileReference; fileEncoding = 4; lastKnownFileType = sourcecode.c.h; path = MASViewAttribute.h; sourceTree = "<group>"; };
		248FF6DE1F146E1C004AA7F5 /* MASViewAttribute.m */ = {isa = PBXFileReference; fileEncoding = 4; lastKnownFileType = sourcecode.c.objc; path = MASViewAttribute.m; sourceTree = "<group>"; };
		248FF6DF1F146E1C004AA7F5 /* MASViewConstraint.h */ = {isa = PBXFileReference; fileEncoding = 4; lastKnownFileType = sourcecode.c.h; path = MASViewConstraint.h; sourceTree = "<group>"; };
		248FF6E01F146E1C004AA7F5 /* MASViewConstraint.m */ = {isa = PBXFileReference; fileEncoding = 4; lastKnownFileType = sourcecode.c.objc; path = MASViewConstraint.m; sourceTree = "<group>"; };
		248FF6E11F146E1C004AA7F5 /* NSArray+MASAdditions.h */ = {isa = PBXFileReference; fileEncoding = 4; lastKnownFileType = sourcecode.c.h; path = "NSArray+MASAdditions.h"; sourceTree = "<group>"; };
		248FF6E21F146E1C004AA7F5 /* NSArray+MASAdditions.m */ = {isa = PBXFileReference; fileEncoding = 4; lastKnownFileType = sourcecode.c.objc; path = "NSArray+MASAdditions.m"; sourceTree = "<group>"; };
		248FF6E31F146E1C004AA7F5 /* NSArray+MASShorthandAdditions.h */ = {isa = PBXFileReference; fileEncoding = 4; lastKnownFileType = sourcecode.c.h; path = "NSArray+MASShorthandAdditions.h"; sourceTree = "<group>"; };
		248FF6E41F146E1C004AA7F5 /* NSLayoutConstraint+MASDebugAdditions.h */ = {isa = PBXFileReference; fileEncoding = 4; lastKnownFileType = sourcecode.c.h; path = "NSLayoutConstraint+MASDebugAdditions.h"; sourceTree = "<group>"; };
		248FF6E51F146E1C004AA7F5 /* NSLayoutConstraint+MASDebugAdditions.m */ = {isa = PBXFileReference; fileEncoding = 4; lastKnownFileType = sourcecode.c.objc; path = "NSLayoutConstraint+MASDebugAdditions.m"; sourceTree = "<group>"; };
		248FF6E61F146E1C004AA7F5 /* View+MASAdditions.h */ = {isa = PBXFileReference; fileEncoding = 4; lastKnownFileType = sourcecode.c.h; path = "View+MASAdditions.h"; sourceTree = "<group>"; };
		248FF6E71F146E1C004AA7F5 /* View+MASAdditions.m */ = {isa = PBXFileReference; fileEncoding = 4; lastKnownFileType = sourcecode.c.objc; path = "View+MASAdditions.m"; sourceTree = "<group>"; };
		248FF6E81F146E1C004AA7F5 /* View+MASShorthandAdditions.h */ = {isa = PBXFileReference; fileEncoding = 4; lastKnownFileType = sourcecode.c.h; path = "View+MASShorthandAdditions.h"; sourceTree = "<group>"; };
		248FF6E91F146E1C004AA7F5 /* ViewController+MASAdditions.h */ = {isa = PBXFileReference; fileEncoding = 4; lastKnownFileType = sourcecode.c.h; path = "ViewController+MASAdditions.h"; sourceTree = "<group>"; };
		248FF6EA1F146E1C004AA7F5 /* ViewController+MASAdditions.m */ = {isa = PBXFileReference; fileEncoding = 4; lastKnownFileType = sourcecode.c.objc; path = "ViewController+MASAdditions.m"; sourceTree = "<group>"; };
		248FF6F61F146E45004AA7F5 /* PrefixHeader.pch */ = {isa = PBXFileReference; lastKnownFileType = sourcecode.c.h; path = PrefixHeader.pch; sourceTree = "<group>"; };
		248FF6F71F14732C004AA7F5 /* WeiBoBuilder.h */ = {isa = PBXFileReference; fileEncoding = 4; lastKnownFileType = sourcecode.c.h; path = WeiBoBuilder.h; sourceTree = "<group>"; };
		248FF6F81F14732C004AA7F5 /* WeiBoBuilder.m */ = {isa = PBXFileReference; fileEncoding = 4; lastKnownFileType = sourcecode.c.objc; path = WeiBoBuilder.m; sourceTree = "<group>"; };
		248FF6FA1F147395004AA7F5 /* WeiBoItem.h */ = {isa = PBXFileReference; fileEncoding = 4; lastKnownFileType = sourcecode.c.h; path = WeiBoItem.h; sourceTree = "<group>"; };
		248FF6FB1F147395004AA7F5 /* WeiBoItem.m */ = {isa = PBXFileReference; fileEncoding = 4; lastKnownFileType = sourcecode.c.objc; path = WeiBoItem.m; sourceTree = "<group>"; };
		248FF7071F14DB45004AA7F5 /* XCFTwoTableViewCell.h */ = {isa = PBXFileReference; fileEncoding = 4; lastKnownFileType = sourcecode.c.h; path = XCFTwoTableViewCell.h; sourceTree = "<group>"; };
		248FF7081F14DB45004AA7F5 /* XCFTwoTableViewCell.m */ = {isa = PBXFileReference; fileEncoding = 4; lastKnownFileType = sourcecode.c.objc; path = XCFTwoTableViewCell.m; sourceTree = "<group>"; };
		24B64FE11F17621F00682ADE /* XCFDetailController.h */ = {isa = PBXFileReference; fileEncoding = 4; lastKnownFileType = sourcecode.c.h; path = XCFDetailController.h; sourceTree = "<group>"; };
		24B64FE21F17621F00682ADE /* XCFDetailController.m */ = {isa = PBXFileReference; fileEncoding = 4; lastKnownFileType = sourcecode.c.objc; path = XCFDetailController.m; sourceTree = "<group>"; };
		24B64FE61F17625700682ADE /* XCFDetailView.xib */ = {isa = PBXFileReference; fileEncoding = 4; lastKnownFileType = file.xib; path = XCFDetailView.xib; sourceTree = "<group>"; };
/* End PBXFileReference section */

/* Begin PBXFrameworksBuildPhase section */
		243794C71F132B5600248E7C /* Frameworks */ = {
			isa = PBXFrameworksBuildPhase;
			buildActionMask = 2147483647;
			files = (
			);
			runOnlyForDeploymentPostprocessing = 0;
		};
/* End PBXFrameworksBuildPhase section */

/* Begin PBXGroup section */
		243794C11F132B5600248E7C = {
			isa = PBXGroup;
			children = (
				243794CC1F132B5600248E7C /* HomePwner */,
				243794CB1F132B5600248E7C /* Products */,
			);
			sourceTree = "<group>";
		};
		243794CB1F132B5600248E7C /* Products */ = {
			isa = PBXGroup;
			children = (
				243794CA1F132B5600248E7C /* HomePwner.app */,
			);
			name = Products;
			sourceTree = "<group>";
		};
		243794CC1F132B5600248E7C /* HomePwner */ = {
			isa = PBXGroup;
			children = (
				248FF6D01F146E1C004AA7F5 /* Masonry */,
				243794D01F132B5600248E7C /* AppDelegate.h */,
				243794D11F132B5600248E7C /* AppDelegate.m */,
				243794D31F132B5600248E7C /* Assets.xcassets */,
				243794D51F132B5600248E7C /* LaunchScreen.storyboard */,
				243794D81F132B5600248E7C /* Info.plist */,
				243794CD1F132B5600248E7C /* Supporting Files */,
				243794DE1F132CB000248E7C /* XCFItemsViewController.h */,
				243794DF1F132CB000248E7C /* XCFItemsViewController.m */,
				248FF6C81F146DCE004AA7F5 /* XCFOneTableViewCell.h */,
				248FF6C91F146DCE004AA7F5 /* XCFOneTableViewCell.m */,
				248FF7071F14DB45004AA7F5 /* XCFTwoTableViewCell.h */,
				248FF7081F14DB45004AA7F5 /* XCFTwoTableViewCell.m */,
				248FF6F71F14732C004AA7F5 /* WeiBoBuilder.h */,
				248FF6F81F14732C004AA7F5 /* WeiBoBuilder.m */,
				248FF6FA1F147395004AA7F5 /* WeiBoItem.h */,
				248FF6FB1F147395004AA7F5 /* WeiBoItem.m */,
				24B64FE11F17621F00682ADE /* XCFDetailController.h */,
				24B64FE21F17621F00682ADE /* XCFDetailController.m */,
				24B64FE61F17625700682ADE /* XCFDetailView.xib */,
			);
			path = HomePwner;
			sourceTree = "<group>";
		};
		243794CD1F132B5600248E7C /* Supporting Files */ = {
			isa = PBXGroup;
			children = (
				243794CE1F132B5600248E7C /* main.m */,
				248FF6F61F146E45004AA7F5 /* PrefixHeader.pch */,
			);
			name = "Supporting Files";
			sourceTree = "<group>";
		};
		248FF6D01F146E1C004AA7F5 /* Masonry */ = {
			isa = PBXGroup;
			children = (
				248FF6D11F146E1C004AA7F5 /* Info.plist */,
				248FF6D21F146E1C004AA7F5 /* MASCompositeConstraint.h */,
				248FF6D31F146E1C004AA7F5 /* MASCompositeConstraint.m */,
				248FF6D41F146E1C004AA7F5 /* MASConstraint+Private.h */,
				248FF6D51F146E1C004AA7F5 /* MASConstraint.h */,
				248FF6D61F146E1C004AA7F5 /* MASConstraint.m */,
				248FF6D71F146E1C004AA7F5 /* MASConstraintMaker.h */,
				248FF6D81F146E1C004AA7F5 /* MASConstraintMaker.m */,
				248FF6D91F146E1C004AA7F5 /* MASLayoutConstraint.h */,
				248FF6DA1F146E1C004AA7F5 /* MASLayoutConstraint.m */,
				248FF6DB1F146E1C004AA7F5 /* Masonry.h */,
				248FF6DC1F146E1C004AA7F5 /* MASUtilities.h */,
				248FF6DD1F146E1C004AA7F5 /* MASViewAttribute.h */,
				248FF6DE1F146E1C004AA7F5 /* MASViewAttribute.m */,
				248FF6DF1F146E1C004AA7F5 /* MASViewConstraint.h */,
				248FF6E01F146E1C004AA7F5 /* MASViewConstraint.m */,
				248FF6E11F146E1C004AA7F5 /* NSArray+MASAdditions.h */,
				248FF6E21F146E1C004AA7F5 /* NSArray+MASAdditions.m */,
				248FF6E31F146E1C004AA7F5 /* NSArray+MASShorthandAdditions.h */,
				248FF6E41F146E1C004AA7F5 /* NSLayoutConstraint+MASDebugAdditions.h */,
				248FF6E51F146E1C004AA7F5 /* NSLayoutConstraint+MASDebugAdditions.m */,
				248FF6E61F146E1C004AA7F5 /* View+MASAdditions.h */,
				248FF6E71F146E1C004AA7F5 /* View+MASAdditions.m */,
				248FF6E81F146E1C004AA7F5 /* View+MASShorthandAdditions.h */,
				248FF6E91F146E1C004AA7F5 /* ViewController+MASAdditions.h */,
				248FF6EA1F146E1C004AA7F5 /* ViewController+MASAdditions.m */,
			);
			path = Masonry;
			sourceTree = "<group>";
		};
/* End PBXGroup section */

/* Begin PBXNativeTarget section */
		243794C91F132B5600248E7C /* HomePwner */ = {
			isa = PBXNativeTarget;
			buildConfigurationList = 243794DB1F132B5600248E7C /* Build configuration list for PBXNativeTarget "HomePwner" */;
			buildPhases = (
				243794C61F132B5600248E7C /* Sources */,
				243794C71F132B5600248E7C /* Frameworks */,
				243794C81F132B5600248E7C /* Resources */,
			);
			buildRules = (
			);
			dependencies = (
			);
			name = HomePwner;
			productName = HomePwner;
			productReference = 243794CA1F132B5600248E7C /* HomePwner.app */;
			productType = "com.apple.product-type.application";
		};
/* End PBXNativeTarget section */

/* Begin PBXProject section */
		243794C21F132B5600248E7C /* Project object */ = {
			isa = PBXProject;
			attributes = {
				LastUpgradeCheck = 0830;
				ORGANIZATIONNAME = "Xu,Chao(MMS)";
				TargetAttributes = {
					243794C91F132B5600248E7C = {
						CreatedOnToolsVersion = 8.3.3;
						DevelopmentTeam = U8MTZKD85C;
						ProvisioningStyle = Automatic;
					};
				};
			};
			buildConfigurationList = 243794C51F132B5600248E7C /* Build configuration list for PBXProject "HomePwner" */;
			compatibilityVersion = "Xcode 3.2";
			developmentRegion = English;
			hasScannedForEncodings = 0;
			knownRegions = (
				en,
				Base,
			);
			mainGroup = 243794C11F132B5600248E7C;
			productRefGroup = 243794CB1F132B5600248E7C /* Products */;
			projectDirPath = "";
			projectRoot = "";
			targets = (
				243794C91F132B5600248E7C /* HomePwner */,
			);
		};
/* End PBXProject section */

/* Begin PBXResourcesBuildPhase section */
		243794C81F132B5600248E7C /* Resources */ = {
			isa = PBXResourcesBuildPhase;
			buildActionMask = 2147483647;
			files = (
				243794D41F132B5600248E7C /* Assets.xcassets in Resources */,
				24B64FE71F17625700682ADE /* XCFDetailView.xib in Resources */,
				248FF6EB1F146E1C004AA7F5 /* Info.plist in Resources */,
				243794D71F132B5600248E7C /* LaunchScreen.storyboard in Resources */,
			);
			runOnlyForDeploymentPostprocessing = 0;
		};
/* End PBXResourcesBuildPhase section */

/* Begin PBXSourcesBuildPhase section */
		243794C61F132B5600248E7C /* Sources */ = {
			isa = PBXSourcesBuildPhase;
			buildActionMask = 2147483647;
			files = (
				248FF6CA1F146DCE004AA7F5 /* XCFOneTableViewCell.m in Sources */,
				248FF6F21F146E1C004AA7F5 /* NSArray+MASAdditions.m in Sources */,
				248FF6F41F146E1C004AA7F5 /* View+MASAdditions.m in Sources */,
				248FF6EF1F146E1C004AA7F5 /* MASLayoutConstraint.m in Sources */,
				248FF6F91F14732C004AA7F5 /* WeiBoBuilder.m in Sources */,
				248FF6ED1F146E1C004AA7F5 /* MASConstraint.m in Sources */,
				248FF6F31F146E1C004AA7F5 /* NSLayoutConstraint+MASDebugAdditions.m in Sources */,
				248FF6EC1F146E1C004AA7F5 /* MASCompositeConstraint.m in Sources */,
				243794D21F132B5600248E7C /* AppDelegate.m in Sources */,
				243794E01F132CB000248E7C /* XCFItemsViewController.m in Sources */,
				248FF6EE1F146E1C004AA7F5 /* MASConstraintMaker.m in Sources */,
				248FF6FC1F147395004AA7F5 /* WeiBoItem.m in Sources */,
				248FF7091F14DB45004AA7F5 /* XCFTwoTableViewCell.m in Sources */,
				248FF6F51F146E1C004AA7F5 /* ViewController+MASAdditions.m in Sources */,
				24B64FE31F17621F00682ADE /* XCFDetailController.m in Sources */,
				248FF6F11F146E1C004AA7F5 /* MASViewConstraint.m in Sources */,
				243794CF1F132B5600248E7C /* main.m in Sources */,
				248FF6F01F146E1C004AA7F5 /* MASViewAttribute.m in Sources */,
			);
			runOnlyForDeploymentPostprocessing = 0;
		};
/* End PBXSourcesBuildPhase section */

/* Begin PBXVariantGroup section */
		243794D51F132B5600248E7C /* LaunchScreen.storyboard */ = {
			isa = PBXVariantGroup;
			children = (
				243794D61F132B5600248E7C /* Base */,
			);
			name = LaunchScreen.storyboard;
			sourceTree = "<group>";
		};
/* End PBXVariantGroup section */

/* Begin XCBuildConfiguration section */
		243794D91F132B5600248E7C /* Debug */ = {
			isa = XCBuildConfiguration;
			buildSettings = {
				ALWAYS_SEARCH_USER_PATHS = NO;
				CLANG_ANALYZER_NONNULL = YES;
				CLANG_ANALYZER_NUMBER_OBJECT_CONVERSION = YES_AGGRESSIVE;
				CLANG_CXX_LANGUAGE_STANDARD = "gnu++0x";
				CLANG_CXX_LIBRARY = "libc++";
				CLANG_ENABLE_MODULES = YES;
				CLANG_ENABLE_OBJC_ARC = YES;
				CLANG_WARN_BOOL_CONVERSION = YES;
				CLANG_WARN_CONSTANT_CONVERSION = YES;
				CLANG_WARN_DIRECT_OBJC_ISA_USAGE = YES_ERROR;
				CLANG_WARN_DOCUMENTATION_COMMENTS = YES;
				CLANG_WARN_EMPTY_BODY = YES;
				CLANG_WARN_ENUM_CONVERSION = YES;
				CLANG_WARN_INFINITE_RECURSION = YES;
				CLANG_WARN_INT_CONVERSION = YES;
				CLANG_WARN_OBJC_ROOT_CLASS = YES_ERROR;
				CLANG_WARN_SUSPICIOUS_MOVE = YES;
				CLANG_WARN_UNREACHABLE_CODE = YES;
				CLANG_WARN__DUPLICATE_METHOD_MATCH = YES;
				"CODE_SIGN_IDENTITY[sdk=iphoneos*]" = "iPhone Developer";
				COPY_PHASE_STRIP = NO;
				DEBUG_INFORMATION_FORMAT = dwarf;
				ENABLE_STRICT_OBJC_MSGSEND = YES;
				ENABLE_TESTABILITY = YES;
				GCC_C_LANGUAGE_STANDARD = gnu99;
				GCC_DYNAMIC_NO_PIC = NO;
				GCC_NO_COMMON_BLOCKS = YES;
				GCC_OPTIMIZATION_LEVEL = 0;
				GCC_PREPROCESSOR_DEFINITIONS = (
					"DEBUG=1",
					"$(inherited)",
				);
				GCC_WARN_64_TO_32_BIT_CONVERSION = YES;
				GCC_WARN_ABOUT_RETURN_TYPE = YES_ERROR;
				GCC_WARN_UNDECLARED_SELECTOR = YES;
				GCC_WARN_UNINITIALIZED_AUTOS = YES_AGGRESSIVE;
				GCC_WARN_UNUSED_FUNCTION = YES;
				GCC_WARN_UNUSED_VARIABLE = YES;
				IPHONEOS_DEPLOYMENT_TARGET = 10.3;
				MTL_ENABLE_DEBUG_INFO = YES;
				ONLY_ACTIVE_ARCH = YES;
				SDKROOT = iphoneos;
				TARGETED_DEVICE_FAMILY = "1,2";
			};
			name = Debug;
		};
		243794DA1F132B5600248E7C /* Release */ = {
			isa = XCBuildConfiguration;
			buildSettings = {
				ALWAYS_SEARCH_USER_PATHS = NO;
				CLANG_ANALYZER_NONNULL = YES;
				CLANG_ANALYZER_NUMBER_OBJECT_CONVERSION = YES_AGGRESSIVE;
				CLANG_CXX_LANGUAGE_STANDARD = "gnu++0x";
				CLANG_CXX_LIBRARY = "libc++";
				CLANG_ENABLE_MODULES = YES;
				CLANG_ENABLE_OBJC_ARC = YES;
				CLANG_WARN_BOOL_CONVERSION = YES;
				CLANG_WARN_CONSTANT_CONVERSION = YES;
				CLANG_WARN_DIRECT_OBJC_ISA_USAGE = YES_ERROR;
				CLANG_WARN_DOCUMENTATION_COMMENTS = YES;
				CLANG_WARN_EMPTY_BODY = YES;
				CLANG_WARN_ENUM_CONVERSION = YES;
				CLANG_WARN_INFINITE_RECURSION = YES;
				CLANG_WARN_INT_CONVERSION = YES;
				CLANG_WARN_OBJC_ROOT_CLASS = YES_ERROR;
				CLANG_WARN_SUSPICIOUS_MOVE = YES;
				CLANG_WARN_UNREACHABLE_CODE = YES;
				CLANG_WARN__DUPLICATE_METHOD_MATCH = YES;
				"CODE_SIGN_IDENTITY[sdk=iphoneos*]" = "iPhone Developer";
				COPY_PHASE_STRIP = NO;
				DEBUG_INFORMATION_FORMAT = "dwarf-with-dsym";
				ENABLE_NS_ASSERTIONS = NO;
				ENABLE_STRICT_OBJC_MSGSEND = YES;
				GCC_C_LANGUAGE_STANDARD = gnu99;
				GCC_NO_COMMON_BLOCKS = YES;
				GCC_WARN_64_TO_32_BIT_CONVERSION = YES;
				GCC_WARN_ABOUT_RETURN_TYPE = YES_ERROR;
				GCC_WARN_UNDECLARED_SELECTOR = YES;
				GCC_WARN_UNINITIALIZED_AUTOS = YES_AGGRESSIVE;
				GCC_WARN_UNUSED_FUNCTION = YES;
				GCC_WARN_UNUSED_VARIABLE = YES;
				IPHONEOS_DEPLOYMENT_TARGET = 10.3;
				MTL_ENABLE_DEBUG_INFO = NO;
				SDKROOT = iphoneos;
				TARGETED_DEVICE_FAMILY = "1,2";
				VALIDATE_PRODUCT = YES;
			};
			name = Release;
		};
		243794DC1F132B5600248E7C /* Debug */ = {
			isa = XCBuildConfiguration;
			buildSettings = {
				ASSETCATALOG_COMPILER_APPICON_NAME = AppIcon;
				DEVELOPMENT_TEAM = U8MTZKD85C;
				INFOPLIST_FILE = HomePwner/Info.plist;
				LD_RUNPATH_SEARCH_PATHS = "$(inherited) @executable_path/Frameworks";
				PRODUCT_BUNDLE_IDENTIFIER = faithfish.HomePwner;
				PRODUCT_NAME = "$(TARGET_NAME)";
			};
			name = Debug;
		};
		243794DD1F132B5600248E7C /* Release */ = {
			isa = XCBuildConfiguration;
			buildSettings = {
				ASSETCATALOG_COMPILER_APPICON_NAME = AppIcon;
				DEVELOPMENT_TEAM = U8MTZKD85C;
				INFOPLIST_FILE = HomePwner/Info.plist;
				LD_RUNPATH_SEARCH_PATHS = "$(inherited) @executable_path/Frameworks";
				PRODUCT_BUNDLE_IDENTIFIER = faithfish.HomePwner;
				PRODUCT_NAME = "$(TARGET_NAME)";
			};
			name = Release;
		};
/* End XCBuildConfiguration section */

/* Begin XCConfigurationList section */
		243794C51F132B5600248E7C /* Build configuration list for PBXProject "HomePwner" */ = {
			isa = XCConfigurationList;
			buildConfigurations = (
				243794D91F132B5600248E7C /* Debug */,
				243794DA1F132B5600248E7C /* Release */,
			);
			defaultConfigurationIsVisible = 0;
			defaultConfigurationName = Release;
		};
		243794DB1F132B5600248E7C /* Build configuration list for PBXNativeTarget "HomePwner" */ = {
			isa = XCConfigurationList;
			buildConfigurations = (
				243794DC1F132B5600248E7C /* Debug */,
				243794DD1F132B5600248E7C /* Release */,
			);
			defaultConfigurationIsVisible = 0;
			defaultConfigurationName = Release;
		};
/* End XCConfigurationList section */
	};
	rootObject = 243794C21F132B5600248E7C /* Project object */;
}
